
Microsoft Visual Studio Solution File, Format Version 12.00
# Visual Studio Version 17
VisualStudioVersion = 17.14.36212.18 d17.14
MinimumVisualStudioVersion = 10.0.40219.1
Project("{FAE04EC0-301F-11D3-BF4B-00C04F79EFBC}") = "ToDoListForms", "ToDoListForms.csproj", "{4CEBA694-4F7C-464C-90D8-FD875B550493}"
EndProject
Global
	GlobalSection(SolutionConfigurationPlatforms) = preSolution
		Debug|Any CPU = Debug|Any CPU
		Release|Any CPU = Release|Any CPU
	EndGlobalSection
	GlobalSection(ProjectConfigurationPlatforms) = postSolution
		{4CEBA694-4F7C-464C-90D8-FD875B550493}.Debug|Any CPU.ActiveCfg = Debug|Any CPU
		{4CEBA694-4F7C-464C-90D8-FD875B550493}.Debug|Any CPU.Build.0 = Debug|Any CPU
		{4CEBA694-4F7C-464C-90D8-FD875B550493}.Release|Any CPU.ActiveCfg = Release|Any CPU
		{4CEBA694-4F7C-464C-90D8-FD875B550493}.Release|Any CPU.Build.0 = Release|Any CPU
	EndGlobalSection
	GlobalSection(SolutionProperties) = preSolution
		HideSolutionNode = FALSE
	EndGlobalSection
	GlobalSection(ExtensibilityGlobals) = postSolution
		SolutionGuid = {9C390023-4DA7-4EFA-8B45-0589EE925F32}
	EndGlobalSection
EndGlobal
